
Microsoft Visual Studio Solution File, Format Version 12.00
# Visual Studio Version 16
VisualStudioVersion = 16.0.30225.117
MinimumVisualStudioVersion = 10.0.40219.1
Project("{F184B08F-C81C-45F6-A57F-5ABD9991F28F}") = "Hello-world", "Hello-world\Hello-world.vbproj", "{53EF5885-B116-4846-BE61-836AEF89DA82}"
EndProject
Global
	GlobalSection(SolutionConfigurationPlatforms) = preSolution
		Debug|Any CPU = Debug|Any CPU
		Release|Any CPU = Release|Any CPU
	EndGlobalSection
	GlobalSection(ProjectConfigurationPlatforms) = postSolution
		{53EF5885-B116-4846-BE61-836AEF89DA82}.Debug|Any CPU.ActiveCfg = Debug|Any CPU
		{53EF5885-B116-4846-BE61-836AEF89DA82}.Debug|Any CPU.Build.0 = Debug|Any CPU
		{53EF5885-B116-4846-BE61-836AEF89DA82}.Release|Any CPU.ActiveCfg = Release|Any CPU
		{53EF5885-B116-4846-BE61-836AEF89DA82}.Release|Any CPU.Build.0 = Release|Any CPU
	EndGlobalSection
	GlobalSection(SolutionProperties) = preSolution
		HideSolutionNode = FALSE
	EndGlobalSection
	GlobalSection(ExtensibilityGlobals) = postSolution
		SolutionGuid = {3B39A826-7A4B-4EB0-AD2A-F54483DE8592}
	EndGlobalSection
EndGlobal
