
Microsoft Visual Studio Solution File, Format Version 12.00
# Visual Studio Version 16
VisualStudioVersion = 16.0.30225.117
MinimumVisualStudioVersion = 10.0.40219.1
Project("{F184B08F-C81C-45F6-A57F-5ABD9991F28F}") = "Hello-world", "Hello-world\Hello-world.vbproj", "{16563535-0B3C-4676-8135-F1031607E8D4}"
EndProject
Global
	GlobalSection(SolutionConfigurationPlatforms) = preSolution
		Debug|Any CPU = Debug|Any CPU
		Release|Any CPU = Release|Any CPU
	EndGlobalSection
	GlobalSection(ProjectConfigurationPlatforms) = postSolution
		{16563535-0B3C-4676-8135-F1031607E8D4}.Debug|Any CPU.ActiveCfg = Debug|Any CPU
		{16563535-0B3C-4676-8135-F1031607E8D4}.Debug|Any CPU.Build.0 = Debug|Any CPU
		{16563535-0B3C-4676-8135-F1031607E8D4}.Release|Any CPU.ActiveCfg = Release|Any CPU
		{16563535-0B3C-4676-8135-F1031607E8D4}.Release|Any CPU.Build.0 = Release|Any CPU
	EndGlobalSection
	GlobalSection(SolutionProperties) = preSolution
		HideSolutionNode = FALSE
	EndGlobalSection
	GlobalSection(ExtensibilityGlobals) = postSolution
		SolutionGuid = {044AF4CA-2A98-4EB5-83E8-5BDE0A3DC1BD}
	EndGlobalSection
EndGlobal
